// !$*UTF8*$!
{
	archiveVersion = 1;
	classes = {
	};
	objectVersion = 55;
	objects = {

/* Begin PBXBuildFile section */
		5B912E6128ADACAA00584C3E /* AppDelegate.swift in Sources */ = {isa = PBXBuildFile; fileRef = 5B912E6028ADACAA00584C3E /* AppDelegate.swift */; };
		5B912E6328ADACAA00584C3E /* SceneDelegate.swift in Sources */ = {isa = PBXBuildFile; fileRef = 5B912E6228ADACAA00584C3E /* SceneDelegate.swift */; };
		5B912E6528ADACAA00584C3E /* ViewController.swift in Sources */ = {isa = PBXBuildFile; fileRef = 5B912E6428ADACAA00584C3E /* ViewController.swift */; };
		5B912E6828ADACAA00584C3E /* Main.storyboard in Resources */ = {isa = PBXBuildFile; fileRef = 5B912E6628ADACAA00584C3E /* Main.storyboard */; };
		5B912E6A28ADACAC00584C3E /* Assets.xcassets in Resources */ = {isa = PBXBuildFile; fileRef = 5B912E6928ADACAC00584C3E /* Assets.xcassets */; };
		5B912E6D28ADACAC00584C3E /* LaunchScreen.storyboard in Resources */ = {isa = PBXBuildFile; fileRef = 5B912E6B28ADACAC00584C3E /* LaunchScreen.storyboard */; };
		5B912E7828ADACAC00584C3E /* iosPreworkTests.swift in Sources */ = {isa = PBXBuildFile; fileRef = 5B912E7728ADACAC00584C3E /* iosPreworkTests.swift */; };
		5B912E8228ADACAC00584C3E /* iosPreworkUITests.swift in Sources */ = {isa = PBXBuildFile; fileRef = 5B912E8128ADACAC00584C3E /* iosPreworkUITests.swift */; };
		5B912E8428ADACAC00584C3E /* iosPreworkUITestsLaunchTests.swift in Sources */ = {isa = PBXBuildFile; fileRef = 5B912E8328ADACAC00584C3E /* iosPreworkUITestsLaunchTests.swift */; };
/* End PBXBuildFile section */

/* Begin PBXContainerItemProxy section */
		5B912E7428ADACAC00584C3E /* PBXContainerItemProxy */ = {
			isa = PBXContainerItemProxy;
			containerPortal = 5B912E5528ADACAA00584C3E /* Project object */;
			proxyType = 1;
			remoteGlobalIDString = 5B912E5C28ADACAA00584C3E;
			remoteInfo = iosPrework;
		};
		5B912E7E28ADACAC00584C3E /* PBXContainerItemProxy */ = {
			isa = PBXContainerItemProxy;
			containerPortal = 5B912E5528ADACAA00584C3E /* Project object */;
			proxyType = 1;
			remoteGlobalIDString = 5B912E5C28ADACAA00584C3E;
			remoteInfo = iosPrework;
		};
/* End PBXContainerItemProxy section */

/* Begin PBXFileReference section */
		5B912E5D28ADACAA00584C3E /* iosPrework.app */ = {isa = PBXFileReference; explicitFileType = wrapper.application; includeInIndex = 0; path = iosPrework.app; sourceTree = BUILT_PRODUCTS_DIR; };
		5B912E6028ADACAA00584C3E /* AppDelegate.swift */ = {isa = PBXFileReference; lastKnownFileType = sourcecode.swift; path = AppDelegate.swift; sourceTree = "<group>"; };
		5B912E6228ADACAA00584C3E /* SceneDelegate.swift */ = {isa = PBXFileReference; lastKnownFileType = sourcecode.swift; path = SceneDelegate.swift; sourceTree = "<group>"; };
		5B912E6428ADACAA00584C3E /* ViewController.swift */ = {isa = PBXFileReference; lastKnownFileType = sourcecode.swift; path = ViewController.swift; sourceTree = "<group>"; };
		5B912E6728ADACAA00584C3E /* Base */ = {isa = PBXFileReference; lastKnownFileType = file.storyboard; name = Base; path = Base.lproj/Main.storyboard; sourceTree = "<group>"; };
		5B912E6928ADACAC00584C3E /* Assets.xcassets */ = {isa = PBXFileReference; lastKnownFileType = folder.assetcatalog; path = Assets.xcassets; sourceTree = "<group>"; };
		5B912E6C28ADACAC00584C3E /* Base */ = {isa = PBXFileReference; lastKnownFileType = file.storyboard; name = Base; path = Base.lproj/LaunchScreen.storyboard; sourceTree = "<group>"; };
		5B912E6E28ADACAC00584C3E /* Info.plist */ = {isa = PBXFileReference; lastKnownFileType = text.plist.xml; path = Info.plist; sourceTree = "<group>"; };
		5B912E7328ADACAC00584C3E /* iosPreworkTests.xctest */ = {isa = PBXFileReference; explicitFileType = wrapper.cfbundle; includeInIndex = 0; path = iosPreworkTests.xctest; sourceTree = BUILT_PRODUCTS_DIR; };
		5B912E7728ADACAC00584C3E /* iosPreworkTests.swift */ = {isa = PBXFileReference; lastKnownFileType = sourcecode.swift; path = iosPreworkTests.swift; sourceTree = "<group>"; };
		5B912E7D28ADACAC00584C3E /* iosPreworkUITests.xctest */ = {isa = PBXFileReference; explicitFileType = wrapper.cfbundle; includeInIndex = 0; path = iosPreworkUITests.xctest; sourceTree = BUILT_PRODUCTS_DIR; };
		5B912E8128ADACAC00584C3E /* iosPreworkUITests.swift */ = {isa = PBXFileReference; lastKnownFileType = sourcecode.swift; path = iosPreworkUITests.swift; sourceTree = "<group>"; };
		5B912E8328ADACAC00584C3E /* iosPreworkUITestsLaunchTests.swift */ = {isa = PBXFileReference; lastKnownFileType = sourcecode.swift; path = iosPreworkUITestsLaunchTests.swift; sourceTree = "<group>"; };
/* End PBXFileReference section */

/* Begin PBXFrameworksBuildPhase section */
		5B912E5A28ADACAA00584C3E /* Frameworks */ = {
			isa = PBXFrameworksBuildPhase;
			buildActionMask = 2147483647;
			files = (
			);
			runOnlyForDeploymentPostprocessing = 0;
		};
		5B912E7028ADACAC00584C3E /* Frameworks */ = {
			isa = PBXFrameworksBuildPhase;
			buildActionMask = 2147483647;
			files = (
			);
			runOnlyForDeploymentPostprocessing = 0;
		};
		5B912E7A28ADACAC00584C3E /* Frameworks */ = {
			isa = PBXFrameworksBuildPhase;
			buildActionMask = 2147483647;
			files = (
			);
			runOnlyForDeploymentPostprocessing = 0;
		};
/* End PBXFrameworksBuildPhase section */

/* Begin PBXGroup section */
		5B912E5428ADACAA00584C3E = {
			isa = PBXGroup;
			children = (
				5B912E5F28ADACAA00584C3E /* iosPrework */,
				5B912E7628ADACAC00584C3E /* iosPreworkTests */,
				5B912E8028ADACAC00584C3E /* iosPreworkUITests */,
				5B912E5E28ADACAA00584C3E /* Products */,
			);
			sourceTree = "<group>";
		};
		5B912E5E28ADACAA00584C3E /* Products */ = {
			isa = PBXGroup;
			children = (
				5B912E5D28ADACAA00584C3E /* iosPrework.app */,
				5B912E7328ADACAC00584C3E /* iosPreworkTests.xctest */,
				5B912E7D28ADACAC00584C3E /* iosPreworkUITests.xctest */,
			);
			name = Products;
			sourceTree = "<group>";
		};
		5B912E5F28ADACAA00584C3E /* iosPrework */ = {
			isa = PBXGroup;
			children = (
				5B912E6028ADACAA00584C3E /* AppDelegate.swift */,
				5B912E6228ADACAA00584C3E /* SceneDelegate.swift */,
				5B912E6428ADACAA00584C3E /* ViewController.swift */,
				5B912E6628ADACAA00584C3E /* Main.storyboard */,
				5B912E6928ADACAC00584C3E /* Assets.xcassets */,
				5B912E6B28ADACAC00584C3E /* LaunchScreen.storyboard */,
				5B912E6E28ADACAC00584C3E /* Info.plist */,
			);
			path = iosPrework;
			sourceTree = "<group>";
		};
		5B912E7628ADACAC00584C3E /* iosPreworkTests */ = {
			isa = PBXGroup;
			children = (
				5B912E7728ADACAC00584C3E /* iosPreworkTests.swift */,
			);
			path = iosPreworkTests;
			sourceTree = "<group>";
		};
		5B912E8028ADACAC00584C3E /* iosPreworkUITests */ = {
			isa = PBXGroup;
			children = (
				5B912E8128ADACAC00584C3E /* iosPreworkUITests.swift */,
				5B912E8328ADACAC00584C3E /* iosPreworkUITestsLaunchTests.swift */,
			);
			path = iosPreworkUITests;
			sourceTree = "<group>";
		};
/* End PBXGroup section */

/* Begin PBXNativeTarget section */
		5B912E5C28ADACAA00584C3E /* iosPrework */ = {
			isa = PBXNativeTarget;
			buildConfigurationList = 5B912E8728ADACAC00584C3E /* Build configuration list for PBXNativeTarget "iosPrework" */;
			buildPhases = (
				5B912E5928ADACAA00584C3E /* Sources */,
				5B912E5A28ADACAA00584C3E /* Frameworks */,
				5B912E5B28ADACAA00584C3E /* Resources */,
			);
			buildRules = (
			);
			dependencies = (
			);
			name = iosPrework;
			productName = iosPrework;
			productReference = 5B912E5D28ADACAA00584C3E /* iosPrework.app */;
			productType = "com.apple.product-type.application";
		};
		5B912E7228ADACAC00584C3E /* iosPreworkTests */ = {
			isa = PBXNativeTarget;
			buildConfigurationList = 5B912E8A28ADACAC00584C3E /* Build configuration list for PBXNativeTarget "iosPreworkTests" */;
			buildPhases = (
				5B912E6F28ADACAC00584C3E /* Sources */,
				5B912E7028ADACAC00584C3E /* Frameworks */,
				5B912E7128ADACAC00584C3E /* Resources */,
			);
			buildRules = (
			);
			dependencies = (
				5B912E7528ADACAC00584C3E /* PBXTargetDependency */,
			);
			name = iosPreworkTests;
			productName = iosPreworkTests;
			productReference = 5B912E7328ADACAC00584C3E /* iosPreworkTests.xctest */;
			productType = "com.apple.product-type.bundle.unit-test";
		};
		5B912E7C28ADACAC00584C3E /* iosPreworkUITests */ = {
			isa = PBXNativeTarget;
			buildConfigurationList = 5B912E8D28ADACAC00584C3E /* Build configuration list for PBXNativeTarget "iosPreworkUITests" */;
			buildPhases = (
				5B912E7928ADACAC00584C3E /* Sources */,
				5B912E7A28ADACAC00584C3E /* Frameworks */,
				5B912E7B28ADACAC00584C3E /* Resources */,
			);
			buildRules = (
			);
			dependencies = (
				5B912E7F28ADACAC00584C3E /* PBXTargetDependency */,
			);
			name = iosPreworkUITests;
			productName = iosPreworkUITests;
			productReference = 5B912E7D28ADACAC00584C3E /* iosPreworkUITests.xctest */;
			productType = "com.apple.product-type.bundle.ui-testing";
		};
/* End PBXNativeTarget section */

/* Begin PBXProject section */
		5B912E5528ADACAA00584C3E /* Project object */ = {
			isa = PBXProject;
			attributes = {
				BuildIndependentTargetsInParallel = 1;
				LastSwiftUpdateCheck = 1340;
				LastUpgradeCheck = 1340;
				TargetAttributes = {
					5B912E5C28ADACAA00584C3E = {
						CreatedOnToolsVersion = 13.4.1;
					};
					5B912E7228ADACAC00584C3E = {
						CreatedOnToolsVersion = 13.4.1;
						TestTargetID = 5B912E5C28ADACAA00584C3E;
					};
					5B912E7C28ADACAC00584C3E = {
						CreatedOnToolsVersion = 13.4.1;
						TestTargetID = 5B912E5C28ADACAA00584C3E;
					};
				};
			};
			buildConfigurationList = 5B912E5828ADACAA00584C3E /* Build configuration list for PBXProject "iosPrework" */;
			compatibilityVersion = "Xcode 13.0";
			developmentRegion = en;
			hasScannedForEncodings = 0;
			knownRegions = (
				en,
				Base,
			);
			mainGroup = 5B912E5428ADACAA00584C3E;
			productRefGroup = 5B912E5E28ADACAA00584C3E /* Products */;
			projectDirPath = "";
			projectRoot = "";
			targets = (
				5B912E5C28ADACAA00584C3E /* iosPrework */,
				5B912E7228ADACAC00584C3E /* iosPreworkTests */,
				5B912E7C28ADACAC00584C3E /* iosPreworkUITests */,
			);
		};
/* End PBXProject section */

/* Begin PBXResourcesBuildPhase section */
		5B912E5B28ADACAA00584C3E /* Resources */ = {
			isa = PBXResourcesBuildPhase;
			buildActionMask = 2147483647;
			files = (
				5B912E6D28ADACAC00584C3E /* LaunchScreen.storyboard in Resources */,
				5B912E6A28ADACAC00584C3E /* Assets.xcassets in Resources */,
				5B912E6828ADACAA00584C3E /* Main.storyboard in Resources */,
			);
			runOnlyForDeploymentPostprocessing = 0;
		};
		5B912E7128ADACAC00584C3E /* Resources */ = {
			isa = PBXResourcesBuildPhase;
			buildActionMask = 2147483647;
			files = (
			);
			runOnlyForDeploymentPostprocessing = 0;
		};
		5B912E7B28ADACAC00584C3E /* Resources */ = {
			isa = PBXResourcesBuildPhase;
			buildActionMask = 2147483647;
			files = (
			);
			runOnlyForDeploymentPostprocessing = 0;
		};
/* End PBXResourcesBuildPhase section */

/* Begin PBXSourcesBuildPhase section */
		5B912E5928ADACAA00584C3E /* Sources */ = {
			isa = PBXSourcesBuildPhase;
			buildActionMask = 2147483647;
			files = (
				5B912E6528ADACAA00584C3E /* ViewController.swift in Sources */,
				5B912E6128ADACAA00584C3E /* AppDelegate.swift in Sources */,
				5B912E6328ADACAA00584C3E /* SceneDelegate.swift in Sources */,
			);
			runOnlyForDeploymentPostprocessing = 0;
		};
		5B912E6F28ADACAC00584C3E /* Sources */ = {
			isa = PBXSourcesBuildPhase;
			buildActionMask = 2147483647;
			files = (
				5B912E7828ADACAC00584C3E /* iosPreworkTests.swift in Sources */,
			);
			runOnlyForDeploymentPostprocessing = 0;
		};
		5B912E7928ADACAC00584C3E /* Sources */ = {
			isa = PBXSourcesBuildPhase;
			buildActionMask = 2147483647;
			files = (
				5B912E8228ADACAC00584C3E /* iosPreworkUITests.swift in Sources */,
				5B912E8428ADACAC00584C3E /* iosPreworkUITestsLaunchTests.swift in Sources */,
			);
			runOnlyForDeploymentPostprocessing = 0;
		};
/* End PBXSourcesBuildPhase section */

/* Begin PBXTargetDependency section */
		5B912E7528ADACAC00584C3E /* PBXTargetDependency */ = {
			isa = PBXTargetDependency;
			target = 5B912E5C28ADACAA00584C3E /* iosPrework */;
			targetProxy = 5B912E7428ADACAC00584C3E /* PBXContainerItemProxy */;
		};
		5B912E7F28ADACAC00584C3E /* PBXTargetDependency */ = {
			isa = PBXTargetDependency;
			target = 5B912E5C28ADACAA00584C3E /* iosPrework */;
			targetProxy = 5B912E7E28ADACAC00584C3E /* PBXContainerItemProxy */;
		};
/* End PBXTargetDependency section */

/* Begin PBXVariantGroup section */
		5B912E6628ADACAA00584C3E /* Main.storyboard */ = {
			isa = PBXVariantGroup;
			children = (
				5B912E6728ADACAA00584C3E /* Base */,
			);
			name = Main.storyboard;
			sourceTree = "<group>";
		};
		5B912E6B28ADACAC00584C3E /* LaunchScreen.storyboard */ = {
			isa = PBXVariantGroup;
			children = (
				5B912E6C28ADACAC00584C3E /* Base */,
			);
			name = LaunchScreen.storyboard;
			sourceTree = "<group>";
		};
/* End PBXVariantGroup section */

/* Begin XCBuildConfiguration section */
		5B912E8528ADACAC00584C3E /* Debug */ = {
			isa = XCBuildConfiguration;
			buildSettings = {
				ALWAYS_SEARCH_USER_PATHS = NO;
				CLANG_ANALYZER_NONNULL = YES;
				CLANG_ANALYZER_NUMBER_OBJECT_CONVERSION = YES_AGGRESSIVE;
				CLANG_CXX_LANGUAGE_STANDARD = "gnu++17";
				CLANG_ENABLE_MODULES = YES;
				CLANG_ENABLE_OBJC_ARC = YES;
				CLANG_ENABLE_OBJC_WEAK = YES;
				CLANG_WARN_BLOCK_CAPTURE_AUTORELEASING = YES;
				CLANG_WARN_BOOL_CONVERSION = YES;
				CLANG_WARN_COMMA = YES;
				CLANG_WARN_CONSTANT_CONVERSION = YES;
				CLANG_WARN_DEPRECATED_OBJC_IMPLEMENTATIONS = YES;
				CLANG_WARN_DIRECT_OBJC_ISA_USAGE = YES_ERROR;
				CLANG_WARN_DOCUMENTATION_COMMENTS = YES;
				CLANG_WARN_EMPTY_BODY = YES;
				CLANG_WARN_ENUM_CONVERSION = YES;
				CLANG_WARN_INFINITE_RECURSION = YES;
				CLANG_WARN_INT_CONVERSION = YES;
				CLANG_WARN_NON_LITERAL_NULL_CONVERSION = YES;
				CLANG_WARN_OBJC_IMPLICIT_RETAIN_SELF = YES;
				CLANG_WARN_OBJC_LITERAL_CONVERSION = YES;
				CLANG_WARN_OBJC_ROOT_CLASS = YES_ERROR;
				CLANG_WARN_QUOTED_INCLUDE_IN_FRAMEWORK_HEADER = YES;
				CLANG_WARN_RANGE_LOOP_ANALYSIS = YES;
				CLANG_WARN_STRICT_PROTOTYPES = YES;
				CLANG_WARN_SUSPICIOUS_MOVE = YES;
				CLANG_WARN_UNGUARDED_AVAILABILITY = YES_AGGRESSIVE;
				CLANG_WARN_UNREACHABLE_CODE = YES;
				CLANG_WARN__DUPLICATE_METHOD_MATCH = YES;
				COPY_PHASE_STRIP = NO;
				DEBUG_INFORMATION_FORMAT = dwarf;
				ENABLE_STRICT_OBJC_MSGSEND = YES;
				ENABLE_TESTABILITY = YES;
				GCC_C_LANGUAGE_STANDARD = gnu11;
				GCC_DYNAMIC_NO_PIC = NO;
				GCC_NO_COMMON_BLOCKS = YES;
				GCC_OPTIMIZATION_LEVEL = 0;
				GCC_PREPROCESSOR_DEFINITIONS = (
					"DEBUG=1",
					"$(inherited)",
				);
				GCC_WARN_64_TO_32_BIT_CONVERSION = YES;
				GCC_WARN_ABOUT_RETURN_TYPE = YES_ERROR;
				GCC_WARN_UNDECLARED_SELECTOR = YES;
				GCC_WARN_UNINITIALIZED_AUTOS = YES_AGGRESSIVE;
				GCC_WARN_UNUSED_FUNCTION = YES;
				GCC_WARN_UNUSED_VARIABLE = YES;
				IPHONEOS_DEPLOYMENT_TARGET = 15.5;
				MTL_ENABLE_DEBUG_INFO = INCLUDE_SOURCE;
				MTL_FAST_MATH = YES;
				ONLY_ACTIVE_ARCH = YES;
				SDKROOT = iphoneos;
				SWIFT_ACTIVE_COMPILATION_CONDITIONS = DEBUG;
				SWIFT_OPTIMIZATION_LEVEL = "-Onone";
			};
			name = Debug;
		};
		5B912E8628ADACAC00584C3E /* Release */ = {
			isa = XCBuildConfiguration;
			buildSettings = {
				ALWAYS_SEARCH_USER_PATHS = NO;
				CLANG_ANALYZER_NONNULL = YES;
				CLANG_ANALYZER_NUMBER_OBJECT_CONVERSION = YES_AGGRESSIVE;
				CLANG_CXX_LANGUAGE_STANDARD = "gnu++17";
				CLANG_ENABLE_MODULES = YES;
				CLANG_ENABLE_OBJC_ARC = YES;
				CLANG_ENABLE_OBJC_WEAK = YES;
				CLANG_WARN_BLOCK_CAPTURE_AUTORELEASING = YES;
				CLANG_WARN_BOOL_CONVERSION = YES;
				CLANG_WARN_COMMA = YES;
				CLANG_WARN_CONSTANT_CONVERSION = YES;
				CLANG_WARN_DEPRECATED_OBJC_IMPLEMENTATIONS = YES;
				CLANG_WARN_DIRECT_OBJC_ISA_USAGE = YES_ERROR;
				CLANG_WARN_DOCUMENTATION_COMMENTS = YES;
				CLANG_WARN_EMPTY_BODY = YES;
				CLANG_WARN_ENUM_CONVERSION = YES;
				CLANG_WARN_INFINITE_RECURSION = YES;
				CLANG_WARN_INT_CONVERSION = YES;
				CLANG_WARN_NON_LITERAL_NULL_CONVERSION = YES;
				CLANG_WARN_OBJC_IMPLICIT_RETAIN_SELF = YES;
				CLANG_WARN_OBJC_LITERAL_CONVERSION = YES;
				CLANG_WARN_OBJC_ROOT_CLASS = YES_ERROR;
				CLANG_WARN_QUOTED_INCLUDE_IN_FRAMEWORK_HEADER = YES;
				CLANG_WARN_RANGE_LOOP_ANALYSIS = YES;
				CLANG_WARN_STRICT_PROTOTYPES = YES;
				CLANG_WARN_SUSPICIOUS_MOVE = YES;
				CLANG_WARN_UNGUARDED_AVAILABILITY = YES_AGGRESSIVE;
				CLANG_WARN_UNREACHABLE_CODE = YES;
				CLANG_WARN__DUPLICATE_METHOD_MATCH = YES;
				COPY_PHASE_STRIP = NO;
				DEBUG_INFORMATION_FORMAT = "dwarf-with-dsym";
				ENABLE_NS_ASSERTIONS = NO;
				ENABLE_STRICT_OBJC_MSGSEND = YES;
				GCC_C_LANGUAGE_STANDARD = gnu11;
				GCC_NO_COMMON_BLOCKS = YES;
				GCC_WARN_64_TO_32_BIT_CONVERSION = YES;
				GCC_WARN_ABOUT_RETURN_TYPE = YES_ERROR;
				GCC_WARN_UNDECLARED_SELECTOR = YES;
				GCC_WARN_UNINITIALIZED_AUTOS = YES_AGGRESSIVE;
				GCC_WARN_UNUSED_FUNCTION = YES;
				GCC_WARN_UNUSED_VARIABLE = YES;
				IPHONEOS_DEPLOYMENT_TARGET = 15.5;
				MTL_ENABLE_DEBUG_INFO = NO;
				MTL_FAST_MATH = YES;
				SDKROOT = iphoneos;
				SWIFT_COMPILATION_MODE = wholemodule;
				SWIFT_OPTIMIZATION_LEVEL = "-O";
				VALIDATE_PRODUCT = YES;
			};
			name = Release;
		};
		5B912E8828ADACAC00584C3E /* Debug */ = {
			isa = XCBuildConfiguration;
			buildSettings = {
				ASSETCATALOG_COMPILER_APPICON_NAME = AppIcon;
				ASSETCATALOG_COMPILER_GLOBAL_ACCENT_COLOR_NAME = AccentColor;
				CODE_SIGN_STYLE = Automatic;
				CURRENT_PROJECT_VERSION = 1;
				GENERATE_INFOPLIST_FILE = YES;
				INFOPLIST_FILE = iosPrework/Info.plist;
				INFOPLIST_KEY_UIApplicationSupportsIndirectInputEvents = YES;
				INFOPLIST_KEY_UILaunchStoryboardName = LaunchScreen;
				INFOPLIST_KEY_UIMainStoryboardFile = Main;
				INFOPLIST_KEY_UISupportedInterfaceOrientations_iPad = "UIInterfaceOrientationPortrait UIInterfaceOrientationPortraitUpsideDown UIInterfaceOrientationLandscapeLeft UIInterfaceOrientationLandscapeRight";
				INFOPLIST_KEY_UISupportedInterfaceOrientations_iPhone = "UIInterfaceOrientationPortrait UIInterfaceOrientationLandscapeLeft UIInterfaceOrientationLandscapeRight";
				LD_RUNPATH_SEARCH_PATHS = (
					"$(inherited)",
					"@executable_path/Frameworks",
				);
				MARKETING_VERSION = 1.0;
				PRODUCT_BUNDLE_IDENTIFIER = memo.com.iosPrework;
				PRODUCT_NAME = "$(TARGET_NAME)";
				SWIFT_EMIT_LOC_STRINGS = YES;
				SWIFT_VERSION = 5.0;
				TARGETED_DEVICE_FAMILY = "1,2";
			};
			name = Debug;
		};
		5B912E8928ADACAC00584C3E /* Release */ = {
			isa = XCBuildConfiguration;
			buildSettings = {
				ASSETCATALOG_COMPILER_APPICON_NAME = AppIcon;
				ASSETCATALOG_COMPILER_GLOBAL_ACCENT_COLOR_NAME = AccentColor;
				CODE_SIGN_STYLE = Automatic;
				CURRENT_PROJECT_VERSION = 1;
				GENERATE_INFOPLIST_FILE = YES;
				INFOPLIST_FILE = iosPrework/Info.plist;
				INFOPLIST_KEY_UIApplicationSupportsIndirectInputEvents = YES;
				INFOPLIST_KEY_UILaunchStoryboardName = LaunchScreen;
				INFOPLIST_KEY_UIMainStoryboardFile = Main;
				INFOPLIST_KEY_UISupportedInterfaceOrientations_iPad = "UIInterfaceOrientationPortrait UIInterfaceOrientationPortraitUpsideDown UIInterfaceOrientationLandscapeLeft UIInterfaceOrientationLandscapeRight";
				INFOPLIST_KEY_UISupportedInterfaceOrientations_iPhone = "UIInterfaceOrientationPortrait UIInterfaceOrientationLandscapeLeft UIInterfaceOrientationLandscapeRight";
				LD_RUNPATH_SEARCH_PATHS = (
					"$(inherited)",
					"@executable_path/Frameworks",
				);
				MARKETING_VERSION = 1.0;
				PRODUCT_BUNDLE_IDENTIFIER = memo.com.iosPrework;
				PRODUCT_NAME = "$(TARGET_NAME)";
				SWIFT_EMIT_LOC_STRINGS = YES;
				SWIFT_VERSION = 5.0;
				TARGETED_DEVICE_FAMILY = "1,2";
			};
			name = Release;
		};
		5B912E8B28ADACAC00584C3E /* Debug */ = {
			isa = XCBuildConfiguration;
			buildSettings = {
				ALWAYS_EMBED_SWIFT_STANDARD_LIBRARIES = YES;
				BUNDLE_LOADER = "$(TEST_HOST)";
				CODE_SIGN_STYLE = Automatic;
				CURRENT_PROJECT_VERSION = 1;
				GENERATE_INFOPLIST_FILE = YES;
				IPHONEOS_DEPLOYMENT_TARGET = 15.5;
				MARKETING_VERSION = 1.0;
				PRODUCT_BUNDLE_IDENTIFIER = memo.com.iosPreworkTests;
				PRODUCT_NAME = "$(TARGET_NAME)";
				SWIFT_EMIT_LOC_STRINGS = NO;
				SWIFT_VERSION = 5.0;
				TARGETED_DEVICE_FAMILY = "1,2";
				TEST_HOST = "$(BUILT_PRODUCTS_DIR)/iosPrework.app/iosPrework";
			};
			name = Debug;
		};
		5B912E8C28ADACAC00584C3E /* Release */ = {
			isa = XCBuildConfiguration;
			buildSettings = {
				ALWAYS_EMBED_SWIFT_STANDARD_LIBRARIES = YES;
				BUNDLE_LOADER = "$(TEST_HOST)";
				CODE_SIGN_STYLE = Automatic;
				CURRENT_PROJECT_VERSION = 1;
				GENERATE_INFOPLIST_FILE = YES;
				IPHONEOS_DEPLOYMENT_TARGET = 15.5;
				MARKETING_VERSION = 1.0;
				PRODUCT_BUNDLE_IDENTIFIER = memo.com.iosPreworkTests;
				PRODUCT_NAME = "$(TARGET_NAME)";
				SWIFT_EMIT_LOC_STRINGS = NO;
				SWIFT_VERSION = 5.0;
				TARGETED_DEVICE_FAMILY = "1,2";
				TEST_HOST = "$(BUILT_PRODUCTS_DIR)/iosPrework.app/iosPrework";
			};
			name = Release;
		};
		5B912E8E28ADACAC00584C3E /* Debug */ = {
			isa = XCBuildConfiguration;
			buildSettings = {
				ALWAYS_EMBED_SWIFT_STANDARD_LIBRARIES = YES;
				CODE_SIGN_STYLE = Automatic;
				CURRENT_PROJECT_VERSION = 1;
				GENERATE_INFOPLIST_FILE = YES;
				MARKETING_VERSION = 1.0;
				PRODUCT_BUNDLE_IDENTIFIER = memo.com.iosPreworkUITests;
				PRODUCT_NAME = "$(TARGET_NAME)";
				SWIFT_EMIT_LOC_STRINGS = NO;
				SWIFT_VERSION = 5.0;
				TARGETED_DEVICE_FAMILY = "1,2";
				TEST_TARGET_NAME = iosPrework;
			};
			name = Debug;
		};
		5B912E8F28ADACAC00584C3E /* Release */ = {
			isa = XCBuildConfiguration;
			buildSettings = {
				ALWAYS_EMBED_SWIFT_STANDARD_LIBRARIES = YES;
				CODE_SIGN_STYLE = Automatic;
				CURRENT_PROJECT_VERSION = 1;
				GENERATE_INFOPLIST_FILE = YES;
				MARKETING_VERSION = 1.0;
				PRODUCT_BUNDLE_IDENTIFIER = memo.com.iosPreworkUITests;
				PRODUCT_NAME = "$(TARGET_NAME)";
				SWIFT_EMIT_LOC_STRINGS = NO;
				SWIFT_VERSION = 5.0;
				TARGETED_DEVICE_FAMILY = "1,2";
				TEST_TARGET_NAME = iosPrework;
			};
			name = Release;
		};
/* End XCBuildConfiguration section */

/* Begin XCConfigurationList section */
		5B912E5828ADACAA00584C3E /* Build configuration list for PBXProject "iosPrework" */ = {
			isa = XCConfigurationList;
			buildConfigurations = (
				5B912E8528ADACAC00584C3E /* Debug */,
				5B912E8628ADACAC00584C3E /* Release */,
			);
			defaultConfigurationIsVisible = 0;
			defaultConfigurationName = Release;
		};
		5B912E8728ADACAC00584C3E /* Build configuration list for PBXNativeTarget "iosPrework" */ = {
			isa = XCConfigurationList;
			buildConfigurations = (
				5B912E8828ADACAC00584C3E /* Debug */,
				5B912E8928ADACAC00584C3E /* Release */,
			);
			defaultConfigurationIsVisible = 0;
			defaultConfigurationName = Release;
		};
		5B912E8A28ADACAC00584C3E /* Build configuration list for PBXNativeTarget "iosPreworkTests" */ = {
			isa = XCConfigurationList;
			buildConfigurations = (
				5B912E8B28ADACAC00584C3E /* Debug */,
				5B912E8C28ADACAC00584C3E /* Release */,
			);
			defaultConfigurationIsVisible = 0;
			defaultConfigurationName = Release;
		};
		5B912E8D28ADACAC00584C3E /* Build configuration list for PBXNativeTarget "iosPreworkUITests" */ = {
			isa = XCConfigurationList;
			buildConfigurations = (
				5B912E8E28ADACAC00584C3E /* Debug */,
				5B912E8F28ADACAC00584C3E /* Release */,
			);
			defaultConfigurationIsVisible = 0;
			defaultConfigurationName = Release;
		};
/* End XCConfigurationList section */
	};
	rootObject = 5B912E5528ADACAA00584C3E /* Project object */;
}
